
Microsoft Visual Studio Solution File, Format Version 12.00
# Visual Studio Version 17
VisualStudioVersion = 17.8.34316.72
MinimumVisualStudioVersion = 10.0.40219.1
Project("{FAE04EC0-301F-11D3-BF4B-00C04F79EFBC}") = "VersionControl-Part2", "VersionControl-Part2\VersionControl-Part2.csproj", "{AB73BB83-8071-4085-9246-22D82F6DF3A3}"
EndProject
Global
	GlobalSection(SolutionConfigurationPlatforms) = preSolution
		Debug|Any CPU = Debug|Any CPU
		Release|Any CPU = Release|Any CPU
	EndGlobalSection
	GlobalSection(ProjectConfigurationPlatforms) = postSolution
		{AB73BB83-8071-4085-9246-22D82F6DF3A3}.Debug|Any CPU.ActiveCfg = Debug|Any CPU
		{AB73BB83-8071-4085-9246-22D82F6DF3A3}.Debug|Any CPU.Build.0 = Debug|Any CPU
		{AB73BB83-8071-4085-9246-22D82F6DF3A3}.Release|Any CPU.ActiveCfg = Release|Any CPU
		{AB73BB83-8071-4085-9246-22D82F6DF3A3}.Release|Any CPU.Build.0 = Release|Any CPU
	EndGlobalSection
	GlobalSection(SolutionProperties) = preSolution
		HideSolutionNode = FALSE
	EndGlobalSection
	GlobalSection(ExtensibilityGlobals) = postSolution
		SolutionGuid = {B882D1A2-CA6F-49E2-BCE5-C8961347B5BE}
	EndGlobalSection
EndGlobal
